
Microsoft Visual Studio Solution File, Format Version 12.00
# Visual Studio Version 16
VisualStudioVersion = 16.0.30503.244
MinimumVisualStudioVersion = 10.0.40219.1
Project("{9A19103F-16F7-4668-BE54-9A1E7A4F7556}") = "SocketTcpClient", "SocketTcpClient\SocketTcpClient.csproj", "{2DE425BA-E675-4987-A113-F0DA98F44476}"
EndProject
Project("{9A19103F-16F7-4668-BE54-9A1E7A4F7556}") = "SocketTcpServer", "..\SocketTcpServer\SocketTcpServer\SocketTcpServer.csproj", "{6D3BB26D-6B63-4662-8CC9-909F0F266A53}"
EndProject
Global
	GlobalSection(SolutionConfigurationPlatforms) = preSolution
		Debug|Any CPU = Debug|Any CPU
		Release|Any CPU = Release|Any CPU
	EndGlobalSection
	GlobalSection(ProjectConfigurationPlatforms) = postSolution
		{2DE425BA-E675-4987-A113-F0DA98F44476}.Debug|Any CPU.ActiveCfg = Debug|Any CPU
		{2DE425BA-E675-4987-A113-F0DA98F44476}.Debug|Any CPU.Build.0 = Debug|Any CPU
		{2DE425BA-E675-4987-A113-F0DA98F44476}.Release|Any CPU.ActiveCfg = Release|Any CPU
		{2DE425BA-E675-4987-A113-F0DA98F44476}.Release|Any CPU.Build.0 = Release|Any CPU
		{6D3BB26D-6B63-4662-8CC9-909F0F266A53}.Debug|Any CPU.ActiveCfg = Debug|Any CPU
		{6D3BB26D-6B63-4662-8CC9-909F0F266A53}.Debug|Any CPU.Build.0 = Debug|Any CPU
		{6D3BB26D-6B63-4662-8CC9-909F0F266A53}.Release|Any CPU.ActiveCfg = Release|Any CPU
		{6D3BB26D-6B63-4662-8CC9-909F0F266A53}.Release|Any CPU.Build.0 = Release|Any CPU
	EndGlobalSection
	GlobalSection(SolutionProperties) = preSolution
		HideSolutionNode = FALSE
	EndGlobalSection
	GlobalSection(ExtensibilityGlobals) = postSolution
		SolutionGuid = {BA3A7A19-83C4-48FE-A403-A62AF367EAED}
	EndGlobalSection
EndGlobal
